// !$*UTF8*$!
{
	archiveVersion = 1;
	classes = {
	};
	objectVersion = 50;
	objects = {

/* Begin PBXBuildFile section */
		A1A4177E25837BF000A2A020 /* README.md in Resources */ = {isa = PBXBuildFile; fileRef = A1A4177D25837BF000A2A020 /* README.md */; };
		A1FDDABA257F699000040291 /* AppDelegate.swift in Sources */ = {isa = PBXBuildFile; fileRef = A1FDDAB9257F699000040291 /* AppDelegate.swift */; };
		A1FDDABC257F699000040291 /* SceneDelegate.swift in Sources */ = {isa = PBXBuildFile; fileRef = A1FDDABB257F699000040291 /* SceneDelegate.swift */; };
		A1FDDABE257F699000040291 /* SerialViewController.swift in Sources */ = {isa = PBXBuildFile; fileRef = A1FDDABD257F699000040291 /* SerialViewController.swift */; };
		A1FDDAC1257F699000040291 /* Main.storyboard in Resources */ = {isa = PBXBuildFile; fileRef = A1FDDABF257F699000040291 /* Main.storyboard */; };
		A1FDDAC3257F699300040291 /* Assets.xcassets in Resources */ = {isa = PBXBuildFile; fileRef = A1FDDAC2257F699300040291 /* Assets.xcassets */; };
		A1FDDAC6257F699300040291 /* LaunchScreen.storyboard in Resources */ = {isa = PBXBuildFile; fileRef = A1FDDAC4257F699300040291 /* LaunchScreen.storyboard */; };
		A1FDDAD1257F699300040291 /* MultiDownloadDemoTests.swift in Sources */ = {isa = PBXBuildFile; fileRef = A1FDDAD0257F699300040291 /* MultiDownloadDemoTests.swift */; };
		A1FDDADC257F699300040291 /* MultiDownloadDemoUITests.swift in Sources */ = {isa = PBXBuildFile; fileRef = A1FDDADB257F699300040291 /* MultiDownloadDemoUITests.swift */; };
		A1FDDAF8257F69EE00040291 /* DownloadOperation.swift in Sources */ = {isa = PBXBuildFile; fileRef = A1FDDAF5257F69EE00040291 /* DownloadOperation.swift */; };
		A1FDDAF9257F69EE00040291 /* AsynchronousOperation.swift in Sources */ = {isa = PBXBuildFile; fileRef = A1FDDAF6257F69EE00040291 /* AsynchronousOperation.swift */; };
		A1FDDAFA257F69EE00040291 /* DownloadManager.swift in Sources */ = {isa = PBXBuildFile; fileRef = A1FDDAF7257F69EE00040291 /* DownloadManager.swift */; };
/* End PBXBuildFile section */

/* Begin PBXContainerItemProxy section */
		A1FDDACD257F699300040291 /* PBXContainerItemProxy */ = {
			isa = PBXContainerItemProxy;
			containerPortal = A1FDDAAE257F699000040291 /* Project object */;
			proxyType = 1;
			remoteGlobalIDString = A1FDDAB5257F699000040291;
			remoteInfo = MultiDownloadDemo;
		};
		A1FDDAD8257F699300040291 /* PBXContainerItemProxy */ = {
			isa = PBXContainerItemProxy;
			containerPortal = A1FDDAAE257F699000040291 /* Project object */;
			proxyType = 1;
			remoteGlobalIDString = A1FDDAB5257F699000040291;
			remoteInfo = MultiDownloadDemo;
		};
/* End PBXContainerItemProxy section */

/* Begin PBXFileReference section */
		A1A4177D25837BF000A2A020 /* README.md */ = {isa = PBXFileReference; lastKnownFileType = net.daringfireball.markdown; path = README.md; sourceTree = "<group>"; };
		A1FDDAB6257F699000040291 /* MultiDownloadDemo.app */ = {isa = PBXFileReference; explicitFileType = wrapper.application; includeInIndex = 0; path = MultiDownloadDemo.app; sourceTree = BUILT_PRODUCTS_DIR; };
		A1FDDAB9257F699000040291 /* AppDelegate.swift */ = {isa = PBXFileReference; lastKnownFileType = sourcecode.swift; path = AppDelegate.swift; sourceTree = "<group>"; };
		A1FDDABB257F699000040291 /* SceneDelegate.swift */ = {isa = PBXFileReference; lastKnownFileType = sourcecode.swift; path = SceneDelegate.swift; sourceTree = "<group>"; };
		A1FDDABD257F699000040291 /* SerialViewController.swift */ = {isa = PBXFileReference; lastKnownFileType = sourcecode.swift; path = SerialViewController.swift; sourceTree = "<group>"; };
		A1FDDAC0257F699000040291 /* Base */ = {isa = PBXFileReference; lastKnownFileType = file.storyboard; name = Base; path = Base.lproj/Main.storyboard; sourceTree = "<group>"; };
		A1FDDAC2257F699300040291 /* Assets.xcassets */ = {isa = PBXFileReference; lastKnownFileType = folder.assetcatalog; path = Assets.xcassets; sourceTree = "<group>"; };
		A1FDDAC5257F699300040291 /* Base */ = {isa = PBXFileReference; lastKnownFileType = file.storyboard; name = Base; path = Base.lproj/LaunchScreen.storyboard; sourceTree = "<group>"; };
		A1FDDAC7257F699300040291 /* Info.plist */ = {isa = PBXFileReference; lastKnownFileType = text.plist.xml; path = Info.plist; sourceTree = "<group>"; };
		A1FDDACC257F699300040291 /* MultiDownloadDemoTests.xctest */ = {isa = PBXFileReference; explicitFileType = wrapper.cfbundle; includeInIndex = 0; path = MultiDownloadDemoTests.xctest; sourceTree = BUILT_PRODUCTS_DIR; };
		A1FDDAD0257F699300040291 /* MultiDownloadDemoTests.swift */ = {isa = PBXFileReference; lastKnownFileType = sourcecode.swift; path = MultiDownloadDemoTests.swift; sourceTree = "<group>"; };
		A1FDDAD2257F699300040291 /* Info.plist */ = {isa = PBXFileReference; lastKnownFileType = text.plist.xml; path = Info.plist; sourceTree = "<group>"; };
		A1FDDAD7257F699300040291 /* MultiDownloadDemoUITests.xctest */ = {isa = PBXFileReference; explicitFileType = wrapper.cfbundle; includeInIndex = 0; path = MultiDownloadDemoUITests.xctest; sourceTree = BUILT_PRODUCTS_DIR; };
		A1FDDADB257F699300040291 /* MultiDownloadDemoUITests.swift */ = {isa = PBXFileReference; lastKnownFileType = sourcecode.swift; path = MultiDownloadDemoUITests.swift; sourceTree = "<group>"; };
		A1FDDADD257F699300040291 /* Info.plist */ = {isa = PBXFileReference; lastKnownFileType = text.plist.xml; path = Info.plist; sourceTree = "<group>"; };
		A1FDDAF5257F69EE00040291 /* DownloadOperation.swift */ = {isa = PBXFileReference; fileEncoding = 4; lastKnownFileType = sourcecode.swift; path = DownloadOperation.swift; sourceTree = "<group>"; };
		A1FDDAF6257F69EE00040291 /* AsynchronousOperation.swift */ = {isa = PBXFileReference; fileEncoding = 4; lastKnownFileType = sourcecode.swift; path = AsynchronousOperation.swift; sourceTree = "<group>"; };
		A1FDDAF7257F69EE00040291 /* DownloadManager.swift */ = {isa = PBXFileReference; fileEncoding = 4; lastKnownFileType = sourcecode.swift; path = DownloadManager.swift; sourceTree = "<group>"; };
/* End PBXFileReference section */

/* Begin PBXFrameworksBuildPhase section */
		A1FDDAB3257F699000040291 /* Frameworks */ = {
			isa = PBXFrameworksBuildPhase;
			buildActionMask = 2147483647;
			files = (
			);
			runOnlyForDeploymentPostprocessing = 0;
		};
		A1FDDAC9257F699300040291 /* Frameworks */ = {
			isa = PBXFrameworksBuildPhase;
			buildActionMask = 2147483647;
			files = (
			);
			runOnlyForDeploymentPostprocessing = 0;
		};
		A1FDDAD4257F699300040291 /* Frameworks */ = {
			isa = PBXFrameworksBuildPhase;
			buildActionMask = 2147483647;
			files = (
			);
			runOnlyForDeploymentPostprocessing = 0;
		};
/* End PBXFrameworksBuildPhase section */

/* Begin PBXGroup section */
		A1FDDAAD257F699000040291 = {
			isa = PBXGroup;
			children = (
				A1A4177D25837BF000A2A020 /* README.md */,
				A1FDDAF4257F69CE00040291 /* DownloadManager */,
				A1FDDAB8257F699000040291 /* MultiDownloadDemo */,
				A1FDDACF257F699300040291 /* MultiDownloadDemoTests */,
				A1FDDADA257F699300040291 /* MultiDownloadDemoUITests */,
				A1FDDAB7257F699000040291 /* Products */,
			);
			sourceTree = "<group>";
		};
		A1FDDAB7257F699000040291 /* Products */ = {
			isa = PBXGroup;
			children = (
				A1FDDAB6257F699000040291 /* MultiDownloadDemo.app */,
				A1FDDACC257F699300040291 /* MultiDownloadDemoTests.xctest */,
				A1FDDAD7257F699300040291 /* MultiDownloadDemoUITests.xctest */,
			);
			name = Products;
			sourceTree = "<group>";
		};
		A1FDDAB8257F699000040291 /* MultiDownloadDemo */ = {
			isa = PBXGroup;
			children = (
				A1FDDAB9257F699000040291 /* AppDelegate.swift */,
				A1FDDABB257F699000040291 /* SceneDelegate.swift */,
				A1FDDABD257F699000040291 /* SerialViewController.swift */,
				A1FDDABF257F699000040291 /* Main.storyboard */,
				A1FDDAC2257F699300040291 /* Assets.xcassets */,
				A1FDDAC4257F699300040291 /* LaunchScreen.storyboard */,
				A1FDDAC7257F699300040291 /* Info.plist */,
			);
			path = MultiDownloadDemo;
			sourceTree = "<group>";
		};
		A1FDDACF257F699300040291 /* MultiDownloadDemoTests */ = {
			isa = PBXGroup;
			children = (
				A1FDDAD0257F699300040291 /* MultiDownloadDemoTests.swift */,
				A1FDDAD2257F699300040291 /* Info.plist */,
			);
			path = MultiDownloadDemoTests;
			sourceTree = "<group>";
		};
		A1FDDADA257F699300040291 /* MultiDownloadDemoUITests */ = {
			isa = PBXGroup;
			children = (
				A1FDDADB257F699300040291 /* MultiDownloadDemoUITests.swift */,
				A1FDDADD257F699300040291 /* Info.plist */,
			);
			path = MultiDownloadDemoUITests;
			sourceTree = "<group>";
		};
		A1FDDAF4257F69CE00040291 /* DownloadManager */ = {
			isa = PBXGroup;
			children = (
				A1FDDAF6257F69EE00040291 /* AsynchronousOperation.swift */,
				A1FDDAF7257F69EE00040291 /* DownloadManager.swift */,
				A1FDDAF5257F69EE00040291 /* DownloadOperation.swift */,
			);
			path = DownloadManager;
			sourceTree = "<group>";
		};
/* End PBXGroup section */

/* Begin PBXNativeTarget section */
		A1FDDAB5257F699000040291 /* MultiDownloadDemo */ = {
			isa = PBXNativeTarget;
			buildConfigurationList = A1FDDAE0257F699300040291 /* Build configuration list for PBXNativeTarget "MultiDownloadDemo" */;
			buildPhases = (
				A1FDDAB2257F699000040291 /* Sources */,
				A1FDDAB3257F699000040291 /* Frameworks */,
				A1FDDAB4257F699000040291 /* Resources */,
			);
			buildRules = (
			);
			dependencies = (
			);
			name = MultiDownloadDemo;
			productName = MultiDownloadDemo;
			productReference = A1FDDAB6257F699000040291 /* MultiDownloadDemo.app */;
			productType = "com.apple.product-type.application";
		};
		A1FDDACB257F699300040291 /* MultiDownloadDemoTests */ = {
			isa = PBXNativeTarget;
			buildConfigurationList = A1FDDAE3257F699300040291 /* Build configuration list for PBXNativeTarget "MultiDownloadDemoTests" */;
			buildPhases = (
				A1FDDAC8257F699300040291 /* Sources */,
				A1FDDAC9257F699300040291 /* Frameworks */,
				A1FDDACA257F699300040291 /* Resources */,
			);
			buildRules = (
			);
			dependencies = (
				A1FDDACE257F699300040291 /* PBXTargetDependency */,
			);
			name = MultiDownloadDemoTests;
			productName = MultiDownloadDemoTests;
			productReference = A1FDDACC257F699300040291 /* MultiDownloadDemoTests.xctest */;
			productType = "com.apple.product-type.bundle.unit-test";
		};
		A1FDDAD6257F699300040291 /* MultiDownloadDemoUITests */ = {
			isa = PBXNativeTarget;
			buildConfigurationList = A1FDDAE6257F699300040291 /* Build configuration list for PBXNativeTarget "MultiDownloadDemoUITests" */;
			buildPhases = (
				A1FDDAD3257F699300040291 /* Sources */,
				A1FDDAD4257F699300040291 /* Frameworks */,
				A1FDDAD5257F699300040291 /* Resources */,
			);
			buildRules = (
			);
			dependencies = (
				A1FDDAD9257F699300040291 /* PBXTargetDependency */,
			);
			name = MultiDownloadDemoUITests;
			productName = MultiDownloadDemoUITests;
			productReference = A1FDDAD7257F699300040291 /* MultiDownloadDemoUITests.xctest */;
			productType = "com.apple.product-type.bundle.ui-testing";
		};
/* End PBXNativeTarget section */

/* Begin PBXProject section */
		A1FDDAAE257F699000040291 /* Project object */ = {
			isa = PBXProject;
			attributes = {
				LastSwiftUpdateCheck = 1220;
				LastUpgradeCheck = 1220;
				TargetAttributes = {
					A1FDDAB5257F699000040291 = {
						CreatedOnToolsVersion = 12.2;
					};
					A1FDDACB257F699300040291 = {
						CreatedOnToolsVersion = 12.2;
						TestTargetID = A1FDDAB5257F699000040291;
					};
					A1FDDAD6257F699300040291 = {
						CreatedOnToolsVersion = 12.2;
						TestTargetID = A1FDDAB5257F699000040291;
					};
				};
			};
			buildConfigurationList = A1FDDAB1257F699000040291 /* Build configuration list for PBXProject "MultiDownloadDemo" */;
			compatibilityVersion = "Xcode 9.3";
			developmentRegion = en;
			hasScannedForEncodings = 0;
			knownRegions = (
				en,
				Base,
			);
			mainGroup = A1FDDAAD257F699000040291;
			productRefGroup = A1FDDAB7257F699000040291 /* Products */;
			projectDirPath = "";
			projectRoot = "";
			targets = (
				A1FDDAB5257F699000040291 /* MultiDownloadDemo */,
				A1FDDACB257F699300040291 /* MultiDownloadDemoTests */,
				A1FDDAD6257F699300040291 /* MultiDownloadDemoUITests */,
			);
		};
/* End PBXProject section */

/* Begin PBXResourcesBuildPhase section */
		A1FDDAB4257F699000040291 /* Resources */ = {
			isa = PBXResourcesBuildPhase;
			buildActionMask = 2147483647;
			files = (
				A1FDDAC6257F699300040291 /* LaunchScreen.storyboard in Resources */,
				A1FDDAC3257F699300040291 /* Assets.xcassets in Resources */,
				A1A4177E25837BF000A2A020 /* README.md in Resources */,
				A1FDDAC1257F699000040291 /* Main.storyboard in Resources */,
			);
			runOnlyForDeploymentPostprocessing = 0;
		};
		A1FDDACA257F699300040291 /* Resources */ = {
			isa = PBXResourcesBuildPhase;
			buildActionMask = 2147483647;
			files = (
			);
			runOnlyForDeploymentPostprocessing = 0;
		};
		A1FDDAD5257F699300040291 /* Resources */ = {
			isa = PBXResourcesBuildPhase;
			buildActionMask = 2147483647;
			files = (
			);
			runOnlyForDeploymentPostprocessing = 0;
		};
/* End PBXResourcesBuildPhase section */

/* Begin PBXSourcesBuildPhase section */
		A1FDDAB2257F699000040291 /* Sources */ = {
			isa = PBXSourcesBuildPhase;
			buildActionMask = 2147483647;
			files = (
				A1FDDABE257F699000040291 /* SerialViewController.swift in Sources */,
				A1FDDAFA257F69EE00040291 /* DownloadManager.swift in Sources */,
				A1FDDABA257F699000040291 /* AppDelegate.swift in Sources */,
				A1FDDAF9257F69EE00040291 /* AsynchronousOperation.swift in Sources */,
				A1FDDABC257F699000040291 /* SceneDelegate.swift in Sources */,
				A1FDDAF8257F69EE00040291 /* DownloadOperation.swift in Sources */,
			);
			runOnlyForDeploymentPostprocessing = 0;
		};
		A1FDDAC8257F699300040291 /* Sources */ = {
			isa = PBXSourcesBuildPhase;
			buildActionMask = 2147483647;
			files = (
				A1FDDAD1257F699300040291 /* MultiDownloadDemoTests.swift in Sources */,
			);
			runOnlyForDeploymentPostprocessing = 0;
		};
		A1FDDAD3257F699300040291 /* Sources */ = {
			isa = PBXSourcesBuildPhase;
			buildActionMask = 2147483647;
			files = (
				A1FDDADC257F699300040291 /* MultiDownloadDemoUITests.swift in Sources */,
			);
			runOnlyForDeploymentPostprocessing = 0;
		};
/* End PBXSourcesBuildPhase section */

/* Begin PBXTargetDependency section */
		A1FDDACE257F699300040291 /* PBXTargetDependency */ = {
			isa = PBXTargetDependency;
			target = A1FDDAB5257F699000040291 /* MultiDownloadDemo */;
			targetProxy = A1FDDACD257F699300040291 /* PBXContainerItemProxy */;
		};
		A1FDDAD9257F699300040291 /* PBXTargetDependency */ = {
			isa = PBXTargetDependency;
			target = A1FDDAB5257F699000040291 /* MultiDownloadDemo */;
			targetProxy = A1FDDAD8257F699300040291 /* PBXContainerItemProxy */;
		};
/* End PBXTargetDependency section */

/* Begin PBXVariantGroup section */
		A1FDDABF257F699000040291 /* Main.storyboard */ = {
			isa = PBXVariantGroup;
			children = (
				A1FDDAC0257F699000040291 /* Base */,
			);
			name = Main.storyboard;
			sourceTree = "<group>";
		};
		A1FDDAC4257F699300040291 /* LaunchScreen.storyboard */ = {
			isa = PBXVariantGroup;
			children = (
				A1FDDAC5257F699300040291 /* Base */,
			);
			name = LaunchScreen.storyboard;
			sourceTree = "<group>";
		};
/* End PBXVariantGroup section */

/* Begin XCBuildConfiguration section */
		A1FDDADE257F699300040291 /* Debug */ = {
			isa = XCBuildConfiguration;
			buildSettings = {
				ALWAYS_SEARCH_USER_PATHS = NO;
				CLANG_ANALYZER_NONNULL = YES;
				CLANG_ANALYZER_NUMBER_OBJECT_CONVERSION = YES_AGGRESSIVE;
				CLANG_CXX_LANGUAGE_STANDARD = "gnu++14";
				CLANG_CXX_LIBRARY = "libc++";
				CLANG_ENABLE_MODULES = YES;
				CLANG_ENABLE_OBJC_ARC = YES;
				CLANG_ENABLE_OBJC_WEAK = YES;
				CLANG_WARN_BLOCK_CAPTURE_AUTORELEASING = YES;
				CLANG_WARN_BOOL_CONVERSION = YES;
				CLANG_WARN_COMMA = YES;
				CLANG_WARN_CONSTANT_CONVERSION = YES;
				CLANG_WARN_DEPRECATED_OBJC_IMPLEMENTATIONS = YES;
				CLANG_WARN_DIRECT_OBJC_ISA_USAGE = YES_ERROR;
				CLANG_WARN_DOCUMENTATION_COMMENTS = YES;
				CLANG_WARN_EMPTY_BODY = YES;
				CLANG_WARN_ENUM_CONVERSION = YES;
				CLANG_WARN_INFINITE_RECURSION = YES;
				CLANG_WARN_INT_CONVERSION = YES;
				CLANG_WARN_NON_LITERAL_NULL_CONVERSION = YES;
				CLANG_WARN_OBJC_IMPLICIT_RETAIN_SELF = YES;
				CLANG_WARN_OBJC_LITERAL_CONVERSION = YES;
				CLANG_WARN_OBJC_ROOT_CLASS = YES_ERROR;
				CLANG_WARN_QUOTED_INCLUDE_IN_FRAMEWORK_HEADER = YES;
				CLANG_WARN_RANGE_LOOP_ANALYSIS = YES;
				CLANG_WARN_STRICT_PROTOTYPES = YES;
				CLANG_WARN_SUSPICIOUS_MOVE = YES;
				CLANG_WARN_UNGUARDED_AVAILABILITY = YES_AGGRESSIVE;
				CLANG_WARN_UNREACHABLE_CODE = YES;
				CLANG_WARN__DUPLICATE_METHOD_MATCH = YES;
				COPY_PHASE_STRIP = NO;
				DEBUG_INFORMATION_FORMAT = dwarf;
				ENABLE_STRICT_OBJC_MSGSEND = YES;
				ENABLE_TESTABILITY = YES;
				GCC_C_LANGUAGE_STANDARD = gnu11;
				GCC_DYNAMIC_NO_PIC = NO;
				GCC_NO_COMMON_BLOCKS = YES;
				GCC_OPTIMIZATION_LEVEL = 0;
				GCC_PREPROCESSOR_DEFINITIONS = (
					"DEBUG=1",
					"$(inherited)",
				);
				GCC_WARN_64_TO_32_BIT_CONVERSION = YES;
				GCC_WARN_ABOUT_RETURN_TYPE = YES_ERROR;
				GCC_WARN_UNDECLARED_SELECTOR = YES;
				GCC_WARN_UNINITIALIZED_AUTOS = YES_AGGRESSIVE;
				GCC_WARN_UNUSED_FUNCTION = YES;
				GCC_WARN_UNUSED_VARIABLE = YES;
				IPHONEOS_DEPLOYMENT_TARGET = 14.2;
				MTL_ENABLE_DEBUG_INFO = INCLUDE_SOURCE;
				MTL_FAST_MATH = YES;
				ONLY_ACTIVE_ARCH = YES;
				SDKROOT = iphoneos;
				SWIFT_ACTIVE_COMPILATION_CONDITIONS = DEBUG;
				SWIFT_OPTIMIZATION_LEVEL = "-Onone";
			};
			name = Debug;
		};
		A1FDDADF257F699300040291 /* Release */ = {
			isa = XCBuildConfiguration;
			buildSettings = {
				ALWAYS_SEARCH_USER_PATHS = NO;
				CLANG_ANALYZER_NONNULL = YES;
				CLANG_ANALYZER_NUMBER_OBJECT_CONVERSION = YES_AGGRESSIVE;
				CLANG_CXX_LANGUAGE_STANDARD = "gnu++14";
				CLANG_CXX_LIBRARY = "libc++";
				CLANG_ENABLE_MODULES = YES;
				CLANG_ENABLE_OBJC_ARC = YES;
				CLANG_ENABLE_OBJC_WEAK = YES;
				CLANG_WARN_BLOCK_CAPTURE_AUTORELEASING = YES;
				CLANG_WARN_BOOL_CONVERSION = YES;
				CLANG_WARN_COMMA = YES;
				CLANG_WARN_CONSTANT_CONVERSION = YES;
				CLANG_WARN_DEPRECATED_OBJC_IMPLEMENTATIONS = YES;
				CLANG_WARN_DIRECT_OBJC_ISA_USAGE = YES_ERROR;
				CLANG_WARN_DOCUMENTATION_COMMENTS = YES;
				CLANG_WARN_EMPTY_BODY = YES;
				CLANG_WARN_ENUM_CONVERSION = YES;
				CLANG_WARN_INFINITE_RECURSION = YES;
				CLANG_WARN_INT_CONVERSION = YES;
				CLANG_WARN_NON_LITERAL_NULL_CONVERSION = YES;
				CLANG_WARN_OBJC_IMPLICIT_RETAIN_SELF = YES;
				CLANG_WARN_OBJC_LITERAL_CONVERSION = YES;
				CLANG_WARN_OBJC_ROOT_CLASS = YES_ERROR;
				CLANG_WARN_QUOTED_INCLUDE_IN_FRAMEWORK_HEADER = YES;
				CLANG_WARN_RANGE_LOOP_ANALYSIS = YES;
				CLANG_WARN_STRICT_PROTOTYPES = YES;
				CLANG_WARN_SUSPICIOUS_MOVE = YES;
				CLANG_WARN_UNGUARDED_AVAILABILITY = YES_AGGRESSIVE;
				CLANG_WARN_UNREACHABLE_CODE = YES;
				CLANG_WARN__DUPLICATE_METHOD_MATCH = YES;
				COPY_PHASE_STRIP = NO;
				DEBUG_INFORMATION_FORMAT = "dwarf-with-dsym";
				ENABLE_NS_ASSERTIONS = NO;
				ENABLE_STRICT_OBJC_MSGSEND = YES;
				GCC_C_LANGUAGE_STANDARD = gnu11;
				GCC_NO_COMMON_BLOCKS = YES;
				GCC_WARN_64_TO_32_BIT_CONVERSION = YES;
				GCC_WARN_ABOUT_RETURN_TYPE = YES_ERROR;
				GCC_WARN_UNDECLARED_SELECTOR = YES;
				GCC_WARN_UNINITIALIZED_AUTOS = YES_AGGRESSIVE;
				GCC_WARN_UNUSED_FUNCTION = YES;
				GCC_WARN_UNUSED_VARIABLE = YES;
				IPHONEOS_DEPLOYMENT_TARGET = 14.2;
				MTL_ENABLE_DEBUG_INFO = NO;
				MTL_FAST_MATH = YES;
				SDKROOT = iphoneos;
				SWIFT_COMPILATION_MODE = wholemodule;
				SWIFT_OPTIMIZATION_LEVEL = "-O";
				VALIDATE_PRODUCT = YES;
			};
			name = Release;
		};
		A1FDDAE1257F699300040291 /* Debug */ = {
			isa = XCBuildConfiguration;
			buildSettings = {
				ASSETCATALOG_COMPILER_APPICON_NAME = AppIcon;
				ASSETCATALOG_COMPILER_GLOBAL_ACCENT_COLOR_NAME = AccentColor;
				CODE_SIGN_STYLE = Automatic;
				INFOPLIST_FILE = MultiDownloadDemo/Info.plist;
				LD_RUNPATH_SEARCH_PATHS = (
					"$(inherited)",
					"@executable_path/Frameworks",
				);
				PRODUCT_BUNDLE_IDENTIFIER = dujia.MultiDownloadDemo;
				PRODUCT_NAME = "$(TARGET_NAME)";
				SWIFT_VERSION = 5.0;
				TARGETED_DEVICE_FAMILY = "1,2";
			};
			name = Debug;
		};
		A1FDDAE2257F699300040291 /* Release */ = {
			isa = XCBuildConfiguration;
			buildSettings = {
				ASSETCATALOG_COMPILER_APPICON_NAME = AppIcon;
				ASSETCATALOG_COMPILER_GLOBAL_ACCENT_COLOR_NAME = AccentColor;
				CODE_SIGN_STYLE = Automatic;
				INFOPLIST_FILE = MultiDownloadDemo/Info.plist;
				LD_RUNPATH_SEARCH_PATHS = (
					"$(inherited)",
					"@executable_path/Frameworks",
				);
				PRODUCT_BUNDLE_IDENTIFIER = dujia.MultiDownloadDemo;
				PRODUCT_NAME = "$(TARGET_NAME)";
				SWIFT_VERSION = 5.0;
				TARGETED_DEVICE_FAMILY = "1,2";
			};
			name = Release;
		};
		A1FDDAE4257F699300040291 /* Debug */ = {
			isa = XCBuildConfiguration;
			buildSettings = {
				ALWAYS_EMBED_SWIFT_STANDARD_LIBRARIES = YES;
				BUNDLE_LOADER = "$(TEST_HOST)";
				CODE_SIGN_STYLE = Automatic;
				INFOPLIST_FILE = MultiDownloadDemoTests/Info.plist;
				IPHONEOS_DEPLOYMENT_TARGET = 14.2;
				LD_RUNPATH_SEARCH_PATHS = (
					"$(inherited)",
					"@executable_path/Frameworks",
					"@loader_path/Frameworks",
				);
				PRODUCT_BUNDLE_IDENTIFIER = dujia.MultiDownloadDemoTests;
				PRODUCT_NAME = "$(TARGET_NAME)";
				SWIFT_VERSION = 5.0;
				TARGETED_DEVICE_FAMILY = "1,2";
				TEST_HOST = "$(BUILT_PRODUCTS_DIR)/MultiDownloadDemo.app/MultiDownloadDemo";
			};
			name = Debug;
		};
		A1FDDAE5257F699300040291 /* Release */ = {
			isa = XCBuildConfiguration;
			buildSettings = {
				ALWAYS_EMBED_SWIFT_STANDARD_LIBRARIES = YES;
				BUNDLE_LOADER = "$(TEST_HOST)";
				CODE_SIGN_STYLE = Automatic;
				INFOPLIST_FILE = MultiDownloadDemoTests/Info.plist;
				IPHONEOS_DEPLOYMENT_TARGET = 14.2;
				LD_RUNPATH_SEARCH_PATHS = (
					"$(inherited)",
					"@executable_path/Frameworks",
					"@loader_path/Frameworks",
				);
				PRODUCT_BUNDLE_IDENTIFIER = dujia.MultiDownloadDemoTests;
				PRODUCT_NAME = "$(TARGET_NAME)";
				SWIFT_VERSION = 5.0;
				TARGETED_DEVICE_FAMILY = "1,2";
				TEST_HOST = "$(BUILT_PRODUCTS_DIR)/MultiDownloadDemo.app/MultiDownloadDemo";
			};
			name = Release;
		};
		A1FDDAE7257F699300040291 /* Debug */ = {
			isa = XCBuildConfiguration;
			buildSettings = {
				ALWAYS_EMBED_SWIFT_STANDARD_LIBRARIES = YES;
				CODE_SIGN_STYLE = Automatic;
				INFOPLIST_FILE = MultiDownloadDemoUITests/Info.plist;
				LD_RUNPATH_SEARCH_PATHS = (
					"$(inherited)",
					"@executable_path/Frameworks",
					"@loader_path/Frameworks",
				);
				PRODUCT_BUNDLE_IDENTIFIER = dujia.MultiDownloadDemoUITests;
				PRODUCT_NAME = "$(TARGET_NAME)";
				SWIFT_VERSION = 5.0;
				TARGETED_DEVICE_FAMILY = "1,2";
				TEST_TARGET_NAME = MultiDownloadDemo;
			};
			name = Debug;
		};
		A1FDDAE8257F699300040291 /* Release */ = {
			isa = XCBuildConfiguration;
			buildSettings = {
				ALWAYS_EMBED_SWIFT_STANDARD_LIBRARIES = YES;
				CODE_SIGN_STYLE = Automatic;
				INFOPLIST_FILE = MultiDownloadDemoUITests/Info.plist;
				LD_RUNPATH_SEARCH_PATHS = (
					"$(inherited)",
					"@executable_path/Frameworks",
					"@loader_path/Frameworks",
				);
				PRODUCT_BUNDLE_IDENTIFIER = dujia.MultiDownloadDemoUITests;
				PRODUCT_NAME = "$(TARGET_NAME)";
				SWIFT_VERSION = 5.0;
				TARGETED_DEVICE_FAMILY = "1,2";
				TEST_TARGET_NAME = MultiDownloadDemo;
			};
			name = Release;
		};
/* End XCBuildConfiguration section */

/* Begin XCConfigurationList section */
		A1FDDAB1257F699000040291 /* Build configuration list for PBXProject "MultiDownloadDemo" */ = {
			isa = XCConfigurationList;
			buildConfigurations = (
				A1FDDADE257F699300040291 /* Debug */,
				A1FDDADF257F699300040291 /* Release */,
			);
			defaultConfigurationIsVisible = 0;
			defaultConfigurationName = Release;
		};
		A1FDDAE0257F699300040291 /* Build configuration list for PBXNativeTarget "MultiDownloadDemo" */ = {
			isa = XCConfigurationList;
			buildConfigurations = (
				A1FDDAE1257F699300040291 /* Debug */,
				A1FDDAE2257F699300040291 /* Release */,
			);
			defaultConfigurationIsVisible = 0;
			defaultConfigurationName = Release;
		};
		A1FDDAE3257F699300040291 /* Build configuration list for PBXNativeTarget "MultiDownloadDemoTests" */ = {
			isa = XCConfigurationList;
			buildConfigurations = (
				A1FDDAE4257F699300040291 /* Debug */,
				A1FDDAE5257F699300040291 /* Release */,
			);
			defaultConfigurationIsVisible = 0;
			defaultConfigurationName = Release;
		};
		A1FDDAE6257F699300040291 /* Build configuration list for PBXNativeTarget "MultiDownloadDemoUITests" */ = {
			isa = XCConfigurationList;
			buildConfigurations = (
				A1FDDAE7257F699300040291 /* Debug */,
				A1FDDAE8257F699300040291 /* Release */,
			);
			defaultConfigurationIsVisible = 0;
			defaultConfigurationName = Release;
		};
/* End XCConfigurationList section */
	};
	rootObject = A1FDDAAE257F699000040291 /* Project object */;
}
